schema: '2.0'
stages:
  load_data:
    cmd: python C:\tmp_cases\DEV\mlops\MLOps\MNA-MLOps-\MNA_MLOps_Eq34\src\data_load.py
      C:\tmp_cases\DEV\mlops\MLOps\MNA-MLOps-\MNA_MLOps_Eq34\data\raw\sobar-72.csv
      C:\tmp_cases\DEV\mlops\MLOps\MNA-MLOps-\MNA_MLOps_Eq34\data\processed\train_test_data.csv
    deps:
    - path: data\raw\sobar-72.csv
      hash: md5
      md5: d863125714b702f87a54c0fe806c1c05
      size: 4102
    - path: src\data_load.py
      hash: md5
      md5: c1737bf96a778b71bafdaf4aed818db0
      size: 259
    outs:
    - path: data\processed\train_test_data.csv
      hash: md5
      md5: d863125714b702f87a54c0fe806c1c05
      size: 4102
  preprocess:
    cmd: python C:\tmp_cases\DEV\mlops\MLOps\MNA-MLOps-\MNA_MLOps_Eq34\src\preprocess.py
      C:\tmp_cases\DEV\mlops\MLOps\MNA-MLOps-\MNA_MLOps_Eq34\data\processed\train_test_data.csv
      C:\tmp_cases\DEV\mlops\MLOps\MNA-MLOps-\MNA_MLOps_Eq34\src\params.yaml 
      C:\tmp_cases\DEV\mlops\MLOps\MNA-MLOps-\MNA_MLOps_Eq34\data\processed\X_train.csv
      C:\tmp_cases\DEV\mlops\MLOps\MNA-MLOps-\MNA_MLOps_Eq34\data\processed\X_test.csv
      C:\tmp_cases\DEV\mlops\MLOps\MNA-MLOps-\MNA_MLOps_Eq34\data\processed\y_train.csv
      C:\tmp_cases\DEV\mlops\MLOps\MNA-MLOps-\MNA_MLOps_Eq34\data\processed\y_test.csv
    deps:
    - path: data\processed\train_test_data.csv
      hash: md5
      md5: d863125714b702f87a54c0fe806c1c05
      size: 4102
    - path: src\params.yaml
      hash: md5
      md5: 4f752d8557ac6c55aadeddb21aac3bf4
      size: 2385
    - path: src\preprocess.py
      hash: md5
      md5: aa09db355e4b7deeca7cb22b997c376f
      size: 2520
    outs:
    - path: data\processed\X_test.csv
      hash: md5
      md5: 9b456f8d3b4c2bb2b370a01ba927132c
      size: 3466
    - path: data\processed\X_train.csv
      hash: md5
      md5: 0665a243a07d8f147a89e8656520e7a4
      size: 7350
    - path: data\processed\y_test.csv
      hash: md5
      md5: 9aa504b8f958cdd615cb98fb3b7eb355
      size: 65
    - path: data\processed\y_train.csv
      hash: md5
      md5: 7b915b09ce8a9a98b2f392cc6c933367
      size: 134
  train_logistic:
    cmd: python C:\tmp_cases\DEV\mlops\MLOps\MNA-MLOps-\MNA_MLOps_Eq34\src\train.py
      C:\tmp_cases\DEV\mlops\MLOps\MNA-MLOps-\MNA_MLOps_Eq34\src\params.yaml 
      C:\tmp_cases\DEV\mlops\MLOps\MNA-MLOps-\MNA_MLOps_Eq34\data\processed\X_train.csv
      C:\tmp_cases\DEV\mlops\MLOps\MNA-MLOps-\MNA_MLOps_Eq34\data\processed\y_train.csv
      lr
    deps:
    - path: data\processed\X_train.csv
      hash: md5
      md5: 0665a243a07d8f147a89e8656520e7a4
      size: 7350
    - path: data\processed\y_train.csv
      hash: md5
      md5: 7b915b09ce8a9a98b2f392cc6c933367
      size: 134
    - path: src\params.yaml
      hash: md5
      md5: 4f752d8557ac6c55aadeddb21aac3bf4
      size: 2385
    - path: src\train.py
      hash: md5
      md5: 59f541ef15421ef38f14639003ed0a0b
      size: 1862
    outs:
    - path: models\lr_model.pkl
      hash: md5
      md5: 0713d8fb11ab04451b2bc69426d3cd89
      size: 1855
  train_clf:
    cmd: python C:\tmp_cases\DEV\mlops\MLOps\MNA-MLOps-\MNA_MLOps_Eq34\src\train.py
      C:\tmp_cases\DEV\mlops\MLOps\MNA-MLOps-\MNA_MLOps_Eq34\src\params.yaml 
      C:\tmp_cases\DEV\mlops\MLOps\MNA-MLOps-\MNA_MLOps_Eq34\data\processed\X_train.csv
      C:\tmp_cases\DEV\mlops\MLOps\MNA-MLOps-\MNA_MLOps_Eq34\data\processed\y_train.csv
      clf
    deps:
    - path: data\processed\X_train.csv
      hash: md5
      md5: 0665a243a07d8f147a89e8656520e7a4
      size: 7350
    - path: data\processed\y_train.csv
      hash: md5
      md5: 7b915b09ce8a9a98b2f392cc6c933367
      size: 134
    - path: src\params.yaml
      hash: md5
      md5: 4f752d8557ac6c55aadeddb21aac3bf4
      size: 2385
    - path: src\train.py
      hash: md5
      md5: 59f541ef15421ef38f14639003ed0a0b
      size: 1862
    outs:
    - path: models\clf_model.pkl
      hash: md5
      md5: 2a468f3ed26cfadc2f7bd8da1bd716f5
      size: 2809
  train_xgb:
    cmd: python C:\tmp_cases\DEV\mlops\MLOps\MNA-MLOps-\MNA_MLOps_Eq34\src\train.py
      C:\tmp_cases\DEV\mlops\MLOps\MNA-MLOps-\MNA_MLOps_Eq34\src\\params.yaml 
      C:\tmp_cases\DEV\mlops\MLOps\MNA-MLOps-\MNA_MLOps_Eq34\data\processed\X_train.csv
      C:\tmp_cases\DEV\mlops\MLOps\MNA-MLOps-\MNA_MLOps_Eq34\data\processed\y_train.csv
      xgb
    deps:
    - path: data\processed\X_train.csv
      hash: md5
      md5: 0665a243a07d8f147a89e8656520e7a4
      size: 7350
    - path: data\processed\y_train.csv
      hash: md5
      md5: 7b915b09ce8a9a98b2f392cc6c933367
      size: 134
    - path: src\params.yaml
      hash: md5
      md5: 4f752d8557ac6c55aadeddb21aac3bf4
      size: 2385
    - path: src\train.py
      hash: md5
      md5: 59f541ef15421ef38f14639003ed0a0b
      size: 1862
    outs:
    - path: models\xgb_model.pkl
      hash: md5
      md5: 2280acd3451a06851990677a8cf5d56f
      size: 13366
  evaluate_lr:
    cmd: python C:\tmp_cases\DEV\mlops\MLOps\MNA-MLOps-\MNA_MLOps_Eq34\src\evaluate.py
      C:\tmp_cases\DEV\mlops\MLOps\MNA-MLOps-\MNA_MLOps_Eq34\models\lr_model.pkl C:\tmp_cases\DEV\mlops\MLOps\MNA-MLOps-\MNA_MLOps_Eq34\data\processed\X_test.csv
      C:\tmp_cases\DEV\mlops\MLOps\MNA-MLOps-\MNA_MLOps_Eq34\data\processed\y_test.csv
      C:\tmp_cases\DEV\mlops\MLOps\MNA-MLOps-\MNA_MLOps_Eq34\reports\lr_evaluation.txt
      C:\tmp_cases\DEV\mlops\MLOps\MNA-MLOps-\MNA_MLOps_Eq34\reports\lr_pred.csv lr
    deps:
    - path: data\processed\X_test.csv
      hash: md5
      md5: 9b456f8d3b4c2bb2b370a01ba927132c
      size: 3466
    - path: data\processed\y_test.csv
      hash: md5
      md5: 9aa504b8f958cdd615cb98fb3b7eb355
      size: 65
    - path: models\lr_model.pkl
      hash: md5
      md5: 0713d8fb11ab04451b2bc69426d3cd89
      size: 1855
    - path: src\evaluate.py
      hash: md5
      md5: a7dbeb92ed543359ce749adc6ebd8b23
      size: 2195
    outs:
    - path: metrics\lr_metrics.json
      hash: md5
      md5: 06db6496b5fef68eb604725bdb976535
      size: 177
    - path: reports\lr_evaluation.txt
      hash: md5
      md5: a044276a1b64fa7058101fbce801dfab
      size: 574
    - path: reports\lr_pred.csv
      hash: md5
      md5: a8183685af7a5429373475497720271c
      size: 103
  evaluate_clf:
    cmd: python C:\tmp_cases\DEV\mlops\MLOps\MNA-MLOps-\MNA_MLOps_Eq34\src\evaluate.py
      C:\tmp_cases\DEV\mlops\MLOps\MNA-MLOps-\MNA_MLOps_Eq34\models\clf_model.pkl
      C:\tmp_cases\DEV\mlops\MLOps\MNA-MLOps-\MNA_MLOps_Eq34\data\processed\X_test.csv
      C:\tmp_cases\DEV\mlops\MLOps\MNA-MLOps-\MNA_MLOps_Eq34\data\processed\y_test.csv
      C:\tmp_cases\DEV\mlops\MLOps\MNA-MLOps-\MNA_MLOps_Eq34\reports\clf_evaluation.txt
      C:\tmp_cases\DEV\mlops\MLOps\MNA-MLOps-\MNA_MLOps_Eq34\reports\clf_pred.csv
      clf
    deps:
    - path: data\processed\X_test.csv
      hash: md5
      md5: 9b456f8d3b4c2bb2b370a01ba927132c
      size: 3466
    - path: data\processed\y_test.csv
      hash: md5
      md5: 9aa504b8f958cdd615cb98fb3b7eb355
      size: 65
    - path: models\clf_model.pkl
      hash: md5
      md5: 2a468f3ed26cfadc2f7bd8da1bd716f5
      size: 2809
    - path: src\evaluate.py
      hash: md5
      md5: 44e9130d04f87a224fbf74a41f66680e
      size: 2158
    outs:
    - path: metrics\clf_metrics.json
      hash: md5
      md5: 60edbaafefd683883f5fef52704f77c0
      size: 165
    - path: reports\clf_evaluation.txt
      hash: md5
      md5: 5cb074e6092a25211e2052c85628c5fa
      size: 518
    - path: reports\clf_pred.csv
      hash: md5
      md5: 91172b1fcc515ca1088c3bedac6920e9
      size: 103
  evaluate_xgb:
    cmd: python C:\tmp_cases\DEV\mlops\MLOps\MNA-MLOps-\MNA_MLOps_Eq34\src\evaluate.py
      C:\tmp_cases\DEV\mlops\MLOps\MNA-MLOps-\MNA_MLOps_Eq34\models\xgb_model.pkl
      C:\tmp_cases\DEV\mlops\MLOps\MNA-MLOps-\MNA_MLOps_Eq34\data\processed\X_test.csv
      C:\tmp_cases\DEV\mlops\MLOps\MNA-MLOps-\MNA_MLOps_Eq34\data\processed\y_test.csv
      C:\tmp_cases\DEV\mlops\MLOps\MNA-MLOps-\MNA_MLOps_Eq34\reports\xgb_evaluation.txt
      C:\tmp_cases\DEV\mlops\MLOps\MNA-MLOps-\MNA_MLOps_Eq34\reports\xgb_pred.csv
      xgb
    deps:
    - path: data\processed\X_test.csv
      hash: md5
      md5: 9b456f8d3b4c2bb2b370a01ba927132c
      size: 3466
    - path: data\processed\y_test.csv
      hash: md5
      md5: 9aa504b8f958cdd615cb98fb3b7eb355
      size: 65
    - path: models\xgb_model.pkl
      hash: md5
      md5: 2280acd3451a06851990677a8cf5d56f
      size: 13366
    - path: src\evaluate.py
      hash: md5
      md5: 44e9130d04f87a224fbf74a41f66680e
      size: 2158
    outs:
    - path: metrics\xgb_metrics.json
      hash: md5
      md5: 615d7a3f361b33878767f7c7fc8e66a4
      size: 165
    - path: reports\xgb_evaluation.txt
      hash: md5
      md5: 5cb074e6092a25211e2052c85628c5fa
      size: 518
    - path: reports\xgb_pred.csv
      hash: md5
      md5: 91172b1fcc515ca1088c3bedac6920e9
      size: 103
  train@lr:
    cmd: python C:\tmp_cases\DEV\mlops\MLOps\MNA-MLOps-\MNA_MLOps_Eq34\src\train.py
      C:\tmp_cases\DEV\mlops\MLOps\MNA-MLOps-\MNA_MLOps_Eq34\src\params.yaml 
      C:\tmp_cases\DEV\mlops\MLOps\MNA-MLOps-\MNA_MLOps_Eq34\data\processed\X_train.csv
      C:\tmp_cases\DEV\mlops\MLOps\MNA-MLOps-\MNA_MLOps_Eq34\data\processed\y_train.csv  lr
    deps:
    - path: data\processed\X_train.csv
      hash: md5
      md5: 0665a243a07d8f147a89e8656520e7a4
      size: 7350
    - path: data\processed\y_train.csv
      hash: md5
      md5: 7b915b09ce8a9a98b2f392cc6c933367
      size: 134
    - path: src\params.yaml
      hash: md5
      md5: 4f752d8557ac6c55aadeddb21aac3bf4
      size: 2385
    - path: src\train.py
      hash: md5
      md5: 8c3ac7673e7825f5239cffb9636f204e
      size: 2129
    outs:
    - path: models\lr_model.pkl
      hash: md5
      md5: 0713d8fb11ab04451b2bc69426d3cd89
      size: 1855
  train@clf:
    cmd: python C:\tmp_cases\DEV\mlops\MLOps\MNA-MLOps-\MNA_MLOps_Eq34\src\train.py
      C:\tmp_cases\DEV\mlops\MLOps\MNA-MLOps-\MNA_MLOps_Eq34\src\params.yaml 
      C:\tmp_cases\DEV\mlops\MLOps\MNA-MLOps-\MNA_MLOps_Eq34\data\processed\X_train.csv
      C:\tmp_cases\DEV\mlops\MLOps\MNA-MLOps-\MNA_MLOps_Eq34\data\processed\y_train.csv  clf
    deps:
    - path: data\processed\X_train.csv
      hash: md5
      md5: 0665a243a07d8f147a89e8656520e7a4
      size: 7350
    - path: data\processed\y_train.csv
      hash: md5
      md5: 7b915b09ce8a9a98b2f392cc6c933367
      size: 134
    - path: src\params.yaml
      hash: md5
      md5: 4f752d8557ac6c55aadeddb21aac3bf4
      size: 2385
    - path: src\train.py
      hash: md5
      md5: 8c3ac7673e7825f5239cffb9636f204e
      size: 2129
    outs:
    - path: models\clf_model.pkl
      hash: md5
      md5: 2ae4229239899c9484127ebe2ed2a198
      size: 2809
  train@xgb:
    cmd: python C:\tmp_cases\DEV\mlops\MLOps\MNA-MLOps-\MNA_MLOps_Eq34\src\train.py
      C:\tmp_cases\DEV\mlops\MLOps\MNA-MLOps-\MNA_MLOps_Eq34\src\params.yaml 
      C:\tmp_cases\DEV\mlops\MLOps\MNA-MLOps-\MNA_MLOps_Eq34\data\processed\X_train.csv
      C:\tmp_cases\DEV\mlops\MLOps\MNA-MLOps-\MNA_MLOps_Eq34\data\processed\y_train.csv  xgb
    deps:
    - path: data\processed\X_train.csv
      hash: md5
      md5: 0665a243a07d8f147a89e8656520e7a4
      size: 7350
    - path: data\processed\y_train.csv
      hash: md5
      md5: 7b915b09ce8a9a98b2f392cc6c933367
      size: 134
    - path: src\params.yaml
      hash: md5
      md5: 4f752d8557ac6c55aadeddb21aac3bf4
      size: 2385
    - path: src\train.py
      hash: md5
      md5: 8c3ac7673e7825f5239cffb9636f204e
      size: 2129
    outs:
    - path: models\xgb_model.pkl
      hash: md5
      md5: 2280acd3451a06851990677a8cf5d56f
      size: 13366
  evaluate@lr:
    cmd: python C:\tmp_cases\DEV\mlops\MLOps\MNA-MLOps-\MNA_MLOps_Eq34\src\evaluate.py
      C:\tmp_cases\DEV\mlops\MLOps\MNA-MLOps-\MNA_MLOps_Eq34\models\lr_model.pkl C:\tmp_cases\DEV\mlops\MLOps\MNA-MLOps-\MNA_MLOps_Eq34\data\processed\X_test.csv
      C:\tmp_cases\DEV\mlops\MLOps\MNA-MLOps-\MNA_MLOps_Eq34\data\processed\y_test.csv
      C:\tmp_cases\DEV\mlops\MLOps\MNA-MLOps-\MNA_MLOps_Eq34\reports\lr_evaluation.txt
      C:\tmp_cases\DEV\mlops\MLOps\MNA-MLOps-\MNA_MLOps_Eq34\reports\lr_pred.csv C:\tmp_cases\DEV\mlops\MLOps\MNA-MLOps-\MNA_MLOps_Eq34\src\params.yaml
      lr
    deps:
    - path: data\processed\X_test.csv
      hash: md5
      md5: 9b456f8d3b4c2bb2b370a01ba927132c
      size: 3466
    - path: data\processed\y_test.csv
      hash: md5
      md5: 9aa504b8f958cdd615cb98fb3b7eb355
      size: 65
    - path: models\lr_model.pkl
      hash: md5
      md5: 0713d8fb11ab04451b2bc69426d3cd89
      size: 1855
    - path: src\evaluate.py
      hash: md5
      md5: a0d5bd1165e32139d1d5adb06a2a34de
      size: 3208
    outs:
    - path: metrics\lr_metrics.json
      hash: md5
      md5: 06db6496b5fef68eb604725bdb976535
      size: 177
    - path: reports\lr_evaluation.txt
      hash: md5
      md5: a044276a1b64fa7058101fbce801dfab
      size: 574
    - path: reports\lr_pred.csv
      hash: md5
      md5: a8183685af7a5429373475497720271c
      size: 103
  evaluate@clf:
    cmd: python C:\tmp_cases\DEV\mlops\MLOps\MNA-MLOps-\MNA_MLOps_Eq34\src\evaluate.py
      C:\tmp_cases\DEV\mlops\MLOps\MNA-MLOps-\MNA_MLOps_Eq34\models\clf_model.pkl
      C:\tmp_cases\DEV\mlops\MLOps\MNA-MLOps-\MNA_MLOps_Eq34\data\processed\X_test.csv
      C:\tmp_cases\DEV\mlops\MLOps\MNA-MLOps-\MNA_MLOps_Eq34\data\processed\y_test.csv
      C:\tmp_cases\DEV\mlops\MLOps\MNA-MLOps-\MNA_MLOps_Eq34\reports\clf_evaluation.txt
      C:\tmp_cases\DEV\mlops\MLOps\MNA-MLOps-\MNA_MLOps_Eq34\reports\clf_pred.csv
      C:\tmp_cases\DEV\mlops\MLOps\MNA-MLOps-\MNA_MLOps_Eq34\src\params.yaml clf
    deps:
    - path: data\processed\X_test.csv
      hash: md5
      md5: 9b456f8d3b4c2bb2b370a01ba927132c
      size: 3466
    - path: data\processed\y_test.csv
      hash: md5
      md5: 9aa504b8f958cdd615cb98fb3b7eb355
      size: 65
    - path: models\clf_model.pkl
      hash: md5
      md5: 2ae4229239899c9484127ebe2ed2a198
      size: 2809
    - path: src\evaluate.py
      hash: md5
      md5: a0d5bd1165e32139d1d5adb06a2a34de
      size: 3208
    outs:
    - path: metrics\clf_metrics.json
      hash: md5
      md5: 60edbaafefd683883f5fef52704f77c0
      size: 165
    - path: reports\clf_evaluation.txt
      hash: md5
      md5: 5cb074e6092a25211e2052c85628c5fa
      size: 518
    - path: reports\clf_pred.csv
      hash: md5
      md5: 91172b1fcc515ca1088c3bedac6920e9
      size: 103
  evaluate@xgb:
    cmd: python C:\tmp_cases\DEV\mlops\MLOps\MNA-MLOps-\MNA_MLOps_Eq34\src\evaluate.py
      C:\tmp_cases\DEV\mlops\MLOps\MNA-MLOps-\MNA_MLOps_Eq34\models\xgb_model.pkl
      C:\tmp_cases\DEV\mlops\MLOps\MNA-MLOps-\MNA_MLOps_Eq34\data\processed\X_test.csv
      C:\tmp_cases\DEV\mlops\MLOps\MNA-MLOps-\MNA_MLOps_Eq34\data\processed\y_test.csv
      C:\tmp_cases\DEV\mlops\MLOps\MNA-MLOps-\MNA_MLOps_Eq34\reports\xgb_evaluation.txt
      C:\tmp_cases\DEV\mlops\MLOps\MNA-MLOps-\MNA_MLOps_Eq34\reports\xgb_pred.csv
      C:\tmp_cases\DEV\mlops\MLOps\MNA-MLOps-\MNA_MLOps_Eq34\src\params.yaml xgb
    deps:
    - path: data\processed\X_test.csv
      hash: md5
      md5: 9b456f8d3b4c2bb2b370a01ba927132c
      size: 3466
    - path: data\processed\y_test.csv
      hash: md5
      md5: 9aa504b8f958cdd615cb98fb3b7eb355
      size: 65
    - path: models\xgb_model.pkl
      hash: md5
      md5: 2280acd3451a06851990677a8cf5d56f
      size: 13366
    - path: src\evaluate.py
      hash: md5
      md5: a0d5bd1165e32139d1d5adb06a2a34de
      size: 3208
    outs:
    - path: metrics\xgb_metrics.json
      hash: md5
      md5: 615d7a3f361b33878767f7c7fc8e66a4
      size: 165
    - path: reports\xgb_evaluation.txt
      hash: md5
      md5: 5cb074e6092a25211e2052c85628c5fa
      size: 518
    - path: reports\xgb_pred.csv
      hash: md5
      md5: 91172b1fcc515ca1088c3bedac6920e9
      size: 103
