schema: '2.0'
stages:
  load_data:
    cmd: python C:\tmp_cases\DEV\mlops\MLOps\MNA-MLOps-\MNA_MLOps_Eq34\src\data_load.py
      C:\tmp_cases\DEV\mlops\MLOps\MNA-MLOps-\MNA_MLOps_Eq34\data\raw\sobar-72.csv
      C:\tmp_cases\DEV\mlops\MLOps\MNA-MLOps-\MNA_MLOps_Eq34\data\processed\train_test_data.csv
    deps:
    - path: data\raw\sobar-72.csv
      hash: md5
      md5: d863125714b702f87a54c0fe806c1c05
      size: 4102
    - path: src\data_load.py
      hash: md5
      md5: c1737bf96a778b71bafdaf4aed818db0
      size: 259
    outs:
    - path: data\processed\train_test_data.csv
      hash: md5
      md5: d863125714b702f87a54c0fe806c1c05
      size: 4102
  preprocess:
    cmd: python C:\tmp_cases\DEV\mlops\MLOps\MNA-MLOps-\MNA_MLOps_Eq34\src\preprocess.py
      C:\tmp_cases\DEV\mlops\MLOps\MNA-MLOps-\MNA_MLOps_Eq34\data\processed\train_test_data.csv
      C:\tmp_cases\DEV\mlops\MLOps\MNA-MLOps-\MNA_MLOps_Eq34\src\params.yaml 
      C:\tmp_cases\DEV\mlops\MLOps\MNA-MLOps-\MNA_MLOps_Eq34\data\processed\X_train.csv
      C:\tmp_cases\DEV\mlops\MLOps\MNA-MLOps-\MNA_MLOps_Eq34\data\processed\X_test.csv
      C:\tmp_cases\DEV\mlops\MLOps\MNA-MLOps-\MNA_MLOps_Eq34\data\processed\y_train.csv
      C:\tmp_cases\DEV\mlops\MLOps\MNA-MLOps-\MNA_MLOps_Eq34\data\processed\y_test.csv
    deps:
    - path: data\processed\train_test_data.csv
      hash: md5
      md5: d863125714b702f87a54c0fe806c1c05
      size: 4102
    - path: src\params.yaml
      hash: md5
      md5: 4f752d8557ac6c55aadeddb21aac3bf4
      size: 2385
    - path: src\preprocess.py
      hash: md5
      md5: 5fbf8156f34c4da2c0b22e447478dac7
      size: 2508
    outs:
    - path: data\processed\X_test.csv
      hash: md5
      md5: a95b0503e6e17a324efc5a02b715ee86
      size: 3515
    - path: data\processed\X_train.csv
      hash: md5
      md5: e14aa0bd65130890267c6941a813fdde
      size: 7301
    - path: data\processed\y_test.csv
      hash: md5
      md5: ea0d387d223e5d09bac5436ec49d143a
      size: 65
    - path: data\processed\y_train.csv
      hash: md5
      md5: 19880ec2dbd93dfe9d5fb9ff9087e43d
      size: 134
  train_logistic:
    cmd: python C:\tmp_cases\DEV\mlops\MLOps\MNA-MLOps-\MNA_MLOps_Eq34\src\train.py
      C:\tmp_cases\DEV\mlops\MLOps\MNA-MLOps-\MNA_MLOps_Eq34\src\params.yaml 
      C:\tmp_cases\DEV\mlops\MLOps\MNA-MLOps-\MNA_MLOps_Eq34\data\processed\X_train.csv
      C:\tmp_cases\DEV\mlops\MLOps\MNA-MLOps-\MNA_MLOps_Eq34\data\processed\y_train.csv
      lr
    deps:
    - path: data\processed\X_train.csv
      hash: md5
      md5: e14aa0bd65130890267c6941a813fdde
      size: 7301
    - path: data\processed\y_train.csv
      hash: md5
      md5: 19880ec2dbd93dfe9d5fb9ff9087e43d
      size: 134
    - path: src\params.yaml
      hash: md5
      md5: 4f752d8557ac6c55aadeddb21aac3bf4
      size: 2385
    - path: src\train.py
      hash: md5
      md5: 8399f297257d63f6a18c9dfd0b98f40b
      size: 1689
    outs:
    - path: models\lr_model.pkl
      hash: md5
      md5: 31d2c2306a2a6299670d16d9f625cf50
      size: 1855
  train_clf:
    cmd: python C:\tmp_cases\DEV\mlops\MLOps\MNA-MLOps-\MNA_MLOps_Eq34\\src\train.py
      C:\tmp_cases\DEV\mlops\MLOps\MNA-MLOps-\MNA_MLOps_Eq34\src\params.yaml 
      C:\tmp_cases\DEV\mlops\MLOps\MNA-MLOps-\MNA_MLOps_Eq34\data\processed\X_train.csv
      C:\tmp_cases\DEV\mlops\MLOps\MNA-MLOps-\MNA_MLOps_Eq34\data\processed\y_train.csv
      clf
    deps:
    - path: data\processed\X_train.csv
      hash: md5
      md5: e14aa0bd65130890267c6941a813fdde
      size: 7301
    - path: data\processed\y_train.csv
      hash: md5
      md5: 19880ec2dbd93dfe9d5fb9ff9087e43d
      size: 134
    - path: src\params.yaml
      hash: md5
      md5: 4f752d8557ac6c55aadeddb21aac3bf4
      size: 2385
    - path: src\train.py
      hash: md5
      md5: 8399f297257d63f6a18c9dfd0b98f40b
      size: 1689
    outs:
    - path: models\clf_model.pkl
      hash: md5
      md5: 4978e3cd48cb104863c03d87acd8e648
      size: 2649
  train_xgb:
    cmd: python C:\tmp_cases\DEV\mlops\MLOps\MNA-MLOps-\MNA_MLOps_Eq34\src\train.py
      C:\tmp_cases\DEV\mlops\MLOps\MNA-MLOps-\MNA_MLOps_Eq34\src\params.yaml 
      C:\tmp_cases\DEV\mlops\MLOps\MNA-MLOps-\MNA_MLOps_Eq34\data\processed\X_train.csv
      C:\tmp_cases\DEV\mlops\MLOps\MNA-MLOps-\MNA_MLOps_Eq34\data\processed\y_train.csv
      xgb
    deps:
    - path: data\processed\X_train.csv
      hash: md5
      md5: e14aa0bd65130890267c6941a813fdde
      size: 7301
    - path: data\processed\y_train.csv
      hash: md5
      md5: 19880ec2dbd93dfe9d5fb9ff9087e43d
      size: 134
    - path: src\params.yaml
      hash: md5
      md5: 4f752d8557ac6c55aadeddb21aac3bf4
      size: 2385
    - path: src\train.py
      hash: md5
      md5: 8399f297257d63f6a18c9dfd0b98f40b
      size: 1689
    outs:
    - path: models\xgb_model.pkl
      hash: md5
      md5: 68954e5a07b5e87d2a987d6157898180
      size: 13230
  evaluate_lr:
    cmd: python C:\tmp_cases\DEV\mlops\MLOps\MNA-MLOps-\MNA_MLOps_Eq34\src\evaluate.py
      C:\tmp_cases\DEV\mlops\MLOps\MNA-MLOps-\MNA_MLOps_Eq34\models\lr_model.pkl C:\tmp_cases\DEV\mlops\MLOps\MNA-MLOps-\MNA_MLOps_Eq34\data\processed\X_test.csv
      C:\tmp_cases\DEV\mlops\MLOps\MNA-MLOps-\MNA_MLOps_Eq34\data\processed\y_test.csv
      C:\tmp_cases\DEV\mlops\MLOps\MNA-MLOps-\MNA_MLOps_Eq34\reports\lr_evaluation.txt
    deps:
    - path: data\processed\X_test.csv
      hash: md5
      md5: a95b0503e6e17a324efc5a02b715ee86
      size: 3515
    - path: data\processed\y_test.csv
      hash: md5
      md5: ea0d387d223e5d09bac5436ec49d143a
      size: 65
    - path: models\lr_model.pkl
      hash: md5
      md5: 31d2c2306a2a6299670d16d9f625cf50
      size: 1855
    - path: src\evaluate.py
      hash: md5
      md5: ba63098c154858286d352d694a60f7fc
      size: 1074
    outs:
    - path: reports\lr_evaluation.txt
      hash: md5
      md5: d057e3a928eb8f836fe90cd8a4308234
      size: 398
  evaluate_clf:
    cmd: python C:\tmp_cases\DEV\mlops\MLOps\MNA-MLOps-\MNA_MLOps_Eq34\src\evaluate.py
      C:\tmp_cases\DEV\mlops\MLOps\MNA-MLOps-\MNA_MLOps_Eq34\models\clf_model.pkl
      C:\tmp_cases\DEV\mlops\MLOps\MNA-MLOps-\MNA_MLOps_Eq34\data\processed\X_test.csv
      C:\tmp_cases\DEV\mlops\MLOps\MNA-MLOps-\MNA_MLOps_Eq34\data\processed\y_test.csv
      C:\tmp_cases\DEV\mlops\MLOps\MNA-MLOps-\MNA_MLOps_Eq34\reports\clf_evaluation.txt
    deps:
    - path: data\processed\X_test.csv
      hash: md5
      md5: a95b0503e6e17a324efc5a02b715ee86
      size: 3515
    - path: data\processed\y_test.csv
      hash: md5
      md5: ea0d387d223e5d09bac5436ec49d143a
      size: 65
    - path: models\clf_model.pkl
      hash: md5
      md5: 4978e3cd48cb104863c03d87acd8e648
      size: 2649
    - path: src\evaluate.py
      hash: md5
      md5: ba63098c154858286d352d694a60f7fc
      size: 1074
    outs:
    - path: reports\clf_evaluation.txt
      hash: md5
      md5: 41042213975ac6d4b3206d482c8512b3
      size: 398
  evaluate_xgb:
    cmd: python C:\tmp_cases\DEV\mlops\MLOps\MNA-MLOps-\MNA_MLOps_Eq34\src\evaluate.py
      C:\tmp_cases\DEV\mlops\MLOps\MNA-MLOps-\MNA_MLOps_Eq34\models\xgb_model.pkl
      C:\tmp_cases\DEV\mlops\MLOps\MNA-MLOps-\MNA_MLOps_Eq34\data\processed\X_test.csv
      C:\tmp_cases\DEV\mlops\MLOps\MNA-MLOps-\MNA_MLOps_Eq34\data\processed\y_test.csv
      C:\tmp_cases\DEV\mlops\MLOps\MNA-MLOps-\MNA_MLOps_Eq34\reports\xgb_evaluation.txt
    deps:
    - path: data\processed\X_test.csv
      hash: md5
      md5: a95b0503e6e17a324efc5a02b715ee86
      size: 3515
    - path: data\processed\y_test.csv
      hash: md5
      md5: ea0d387d223e5d09bac5436ec49d143a
      size: 65
    - path: models\xgb_model.pkl
      hash: md5
      md5: 68954e5a07b5e87d2a987d6157898180
      size: 13230
    - path: src\evaluate.py
      hash: md5
      md5: ba63098c154858286d352d694a60f7fc
      size: 1074
    outs:
    - path: reports\xgb_evaluation.txt
      hash: md5
      md5: fe853c96df40b462781f96a8d67c62a3
      size: 398
