schema: '2.0'
stages:
  load_data:
    cmd: python C:\tmp_cases\DEV\mlops\MLOps\MNA-MLOps-\MNA_MLOps_Eq34\src\data_load.py
      C:\tmp_cases\DEV\mlops\MLOps\MNA-MLOps-\MNA_MLOps_Eq34\data\raw\sobar-72.csv
      C:\tmp_cases\DEV\mlops\MLOps\MNA-MLOps-\MNA_MLOps_Eq34\data\processed\train_test_data.csv
    deps:
    - path: data\raw\sobar-72.csv
      hash: md5
      md5: d863125714b702f87a54c0fe806c1c05
      size: 4102
    - path: src\data_load.py
      hash: md5
      md5: c1737bf96a778b71bafdaf4aed818db0
      size: 259
    outs:
    - path: data\processed\train_test_data.csv
      hash: md5
      md5: d863125714b702f87a54c0fe806c1c05
      size: 4102
  preprocess:
    cmd: python C:\tmp_cases\DEV\mlops\MLOps\MNA-MLOps-\MNA_MLOps_Eq34\src\preprocess.py
      C:\tmp_cases\DEV\mlops\MLOps\MNA-MLOps-\MNA_MLOps_Eq34\data\processed\train_test_data.csv
      C:\tmp_cases\DEV\mlops\MLOps\MNA-MLOps-\MNA_MLOps_Eq34\src\params.yaml 
      C:\tmp_cases\DEV\mlops\MLOps\MNA-MLOps-\MNA_MLOps_Eq34\data\processed\X_train.csv
      C:\tmp_cases\DEV\mlops\MLOps\MNA-MLOps-\MNA_MLOps_Eq34\data\processed\X_test.csv
      C:\tmp_cases\DEV\mlops\MLOps\MNA-MLOps-\MNA_MLOps_Eq34\data\processed\y_train.csv
      C:\tmp_cases\DEV\mlops\MLOps\MNA-MLOps-\MNA_MLOps_Eq34\data\processed\y_test.csv
    deps:
    - path: data\processed\train_test_data.csv
      hash: md5
      md5: d863125714b702f87a54c0fe806c1c05
      size: 4102
    - path: src\params.yaml
      hash: md5
      md5: 4f752d8557ac6c55aadeddb21aac3bf4
      size: 2385
    - path: src\preprocess.py
      hash: md5
      md5: 5fbf8156f34c4da2c0b22e447478dac7
      size: 2508
    outs:
    - path: data\processed\X_test.csv
      hash: md5
      md5: a95b0503e6e17a324efc5a02b715ee86
      size: 3515
    - path: data\processed\X_train.csv
      hash: md5
      md5: e14aa0bd65130890267c6941a813fdde
      size: 7301
    - path: data\processed\y_test.csv
      hash: md5
      md5: ea0d387d223e5d09bac5436ec49d143a
      size: 65
    - path: data\processed\y_train.csv
      hash: md5
      md5: 19880ec2dbd93dfe9d5fb9ff9087e43d
      size: 134
  train_logistic:
    cmd: python C:\tmp_cases\DEV\mlops\MLOps\MNA-MLOps-\MNA_MLOps_Eq34\src\train.py
      C:\tmp_cases\DEV\mlops\MLOps\MNA-MLOps-\MNA_MLOps_Eq34\src\params.yaml 
      C:\tmp_cases\DEV\mlops\MLOps\MNA-MLOps-\MNA_MLOps_Eq34\data\processed\X_train.csv
      C:\tmp_cases\DEV\mlops\MLOps\MNA-MLOps-\MNA_MLOps_Eq34\data\processed\y_train.csv
      lr
    deps:
    - path: data\processed\X_train.csv
      hash: md5
      md5: e14aa0bd65130890267c6941a813fdde
      size: 7301
    - path: data\processed\y_train.csv
      hash: md5
      md5: 19880ec2dbd93dfe9d5fb9ff9087e43d
      size: 134
    - path: src\params.yaml
      hash: md5
      md5: 4f752d8557ac6c55aadeddb21aac3bf4
      size: 2385
    - path: src\train.py
      hash: md5
      md5: 8399f297257d63f6a18c9dfd0b98f40b
      size: 1689
    outs:
    - path: models\lr_model.pkl
      hash: md5
      md5: 31d2c2306a2a6299670d16d9f625cf50
      size: 1855
  train_clf:
    cmd: python C:\tmp_cases\DEV\mlops\MLOps\MNA-MLOps-\MNA_MLOps_Eq34\\src\train.py
      C:\tmp_cases\DEV\mlops\MLOps\MNA-MLOps-\MNA_MLOps_Eq34\src\params.yaml 
      C:\tmp_cases\DEV\mlops\MLOps\MNA-MLOps-\MNA_MLOps_Eq34\data\processed\X_train.csv
      C:\tmp_cases\DEV\mlops\MLOps\MNA-MLOps-\MNA_MLOps_Eq34\data\processed\y_train.csv
      clf
    deps:
    - path: data\processed\X_train.csv
      hash: md5
      md5: e14aa0bd65130890267c6941a813fdde
      size: 7301
    - path: data\processed\y_train.csv
      hash: md5
      md5: 19880ec2dbd93dfe9d5fb9ff9087e43d
      size: 134
    - path: src\params.yaml
      hash: md5
      md5: 4f752d8557ac6c55aadeddb21aac3bf4
      size: 2385
    - path: src\train.py
      hash: md5
      md5: 8399f297257d63f6a18c9dfd0b98f40b
      size: 1689
    outs:
    - path: models\clf_model.pkl
      hash: md5
      md5: 45c6d89a7db5e2fd9d0fd975970c6130
      size: 2649
  train_xgb:
    cmd: python C:\tmp_cases\DEV\mlops\MLOps\MNA-MLOps-\MNA_MLOps_Eq34\src\train.py
      C:\tmp_cases\DEV\mlops\MLOps\MNA-MLOps-\MNA_MLOps_Eq34\src\params.yaml 
      C:\tmp_cases\DEV\mlops\MLOps\MNA-MLOps-\MNA_MLOps_Eq34\data\processed\X_train.csv
      C:\tmp_cases\DEV\mlops\MLOps\MNA-MLOps-\MNA_MLOps_Eq34\data\processed\y_train.csv
      xgb
    deps:
    - path: data\processed\X_train.csv
      hash: md5
      md5: e14aa0bd65130890267c6941a813fdde
      size: 7301
    - path: data\processed\y_train.csv
      hash: md5
      md5: 19880ec2dbd93dfe9d5fb9ff9087e43d
      size: 134
    - path: src\params.yaml
      hash: md5
      md5: 4f752d8557ac6c55aadeddb21aac3bf4
      size: 2385
    - path: src\train.py
      hash: md5
      md5: 8399f297257d63f6a18c9dfd0b98f40b
      size: 1689
    outs:
    - path: models\xgb_model.pkl
      hash: md5
      md5: 68954e5a07b5e87d2a987d6157898180
      size: 13230
  evaluate_lr:
    cmd: python C:\tmp_cases\DEV\mlops\MLOps\MNA-MLOps-\MNA_MLOps_Eq34\src\evaluate.py
      C:\tmp_cases\DEV\mlops\MLOps\MNA-MLOps-\MNA_MLOps_Eq34\models\lr_model.pkl C:\tmp_cases\DEV\mlops\MLOps\MNA-MLOps-\MNA_MLOps_Eq34\data\processed\X_test.csv
      C:\tmp_cases\DEV\mlops\MLOps\MNA-MLOps-\MNA_MLOps_Eq34\data\processed\y_test.csv
      C:\tmp_cases\DEV\mlops\MLOps\MNA-MLOps-\MNA_MLOps_Eq34\reports\lr_evaluation.txt
      lr
    deps:
    - path: data\processed\X_test.csv
      hash: md5
      md5: a95b0503e6e17a324efc5a02b715ee86
      size: 3515
    - path: data\processed\y_test.csv
      hash: md5
      md5: ea0d387d223e5d09bac5436ec49d143a
      size: 65
    - path: models\lr_model.pkl
      hash: md5
      md5: 31d2c2306a2a6299670d16d9f625cf50
      size: 1855
    - path: src\evaluate.py
      hash: md5
      md5: 193f94b35a93f2ef9ce9fb6bd72a0e93
      size: 1932
    outs:
    - path: metrics\lr_metrics.json
      hash: md5
      md5: 673a3bc018b73b0e01a0b353bf7ccd90
      size: 162
    - path: reports\lr_evaluation.txt
      hash: md5
      md5: a7919789236099bdf7c8f8d1ea4eeb6e
      size: 529
  evaluate_clf:
    cmd: python C:\tmp_cases\DEV\mlops\MLOps\MNA-MLOps-\MNA_MLOps_Eq34\src\evaluate.py
      C:\tmp_cases\DEV\mlops\MLOps\MNA-MLOps-\MNA_MLOps_Eq34\models\clf_model.pkl
      C:\tmp_cases\DEV\mlops\MLOps\MNA-MLOps-\MNA_MLOps_Eq34\data\processed\X_test.csv
      C:\tmp_cases\DEV\mlops\MLOps\MNA-MLOps-\MNA_MLOps_Eq34\data\processed\y_test.csv
      C:\tmp_cases\DEV\mlops\MLOps\MNA-MLOps-\MNA_MLOps_Eq34\reports\clf_evaluation.txt
      clf
    deps:
    - path: data\processed\X_test.csv
      hash: md5
      md5: a95b0503e6e17a324efc5a02b715ee86
      size: 3515
    - path: data\processed\y_test.csv
      hash: md5
      md5: ea0d387d223e5d09bac5436ec49d143a
      size: 65
    - path: models\clf_model.pkl
      hash: md5
      md5: 45c6d89a7db5e2fd9d0fd975970c6130
      size: 2649
    - path: src\evaluate.py
      hash: md5
      md5: 193f94b35a93f2ef9ce9fb6bd72a0e93
      size: 1932
    outs:
    - path: metrics\clf_metrics.json
      hash: md5
      md5: 80e7312ed3c0623741d2ed72b656a125
      size: 148
    - path: reports\clf_evaluation.txt
      hash: md5
      md5: 2ac5237c1d99047c4644f20df30043cb
      size: 516
  evaluate_xgb:
    cmd: python C:\tmp_cases\DEV\mlops\MLOps\MNA-MLOps-\MNA_MLOps_Eq34\src\evaluate.py
      C:\tmp_cases\DEV\mlops\MLOps\MNA-MLOps-\MNA_MLOps_Eq34\models\xgb_model.pkl
      C:\tmp_cases\DEV\mlops\MLOps\MNA-MLOps-\MNA_MLOps_Eq34\data\processed\X_test.csv
      C:\tmp_cases\DEV\mlops\MLOps\MNA-MLOps-\MNA_MLOps_Eq34\data\processed\y_test.csv
      C:\tmp_cases\DEV\mlops\MLOps\MNA-MLOps-\MNA_MLOps_Eq34\reports\xgb_evaluation.txt
      xgb
    deps:
    - path: data\processed\X_test.csv
      hash: md5
      md5: a95b0503e6e17a324efc5a02b715ee86
      size: 3515
    - path: data\processed\y_test.csv
      hash: md5
      md5: ea0d387d223e5d09bac5436ec49d143a
      size: 65
    - path: models\xgb_model.pkl
      hash: md5
      md5: 68954e5a07b5e87d2a987d6157898180
      size: 13230
    - path: src\evaluate.py
      hash: md5
      md5: 193f94b35a93f2ef9ce9fb6bd72a0e93
      size: 1932
    outs:
    - path: metrics\xgb_metrics.json
      hash: md5
      md5: 6e1bab68bd19792fc0516c2dae808b57
      size: 163
    - path: reports\xgb_evaluation.txt
      hash: md5
      md5: 8c7c102fb305f7f705679839eb662b89
      size: 515
